
Microsoft Visual Studio Solution File, Format Version 12.00
# Visual Studio Version 16
VisualStudioVersion = 16.0.30717.126
MinimumVisualStudioVersion = 10.0.40219.1
Project("{FAE04EC0-301F-11D3-BF4B-00C04F79EFBC}") = "Name", "Exercise\Name.csproj", "{27DADA44-B9AC-4693-BD82-95B57C5D2A8B}"
EndProject
Project("{FAE04EC0-301F-11D3-BF4B-00C04F79EFBC}") = "Area", "Area\Area.csproj", "{B0D5C8FA-26DB-4A31-A01F-E073ABB16CE1}"
EndProject
Project("{FAE04EC0-301F-11D3-BF4B-00C04F79EFBC}") = "Miles", "Miles\Miles.csproj", "{5796781F-352F-42B1-90AC-3908BCBC8A2F}"
EndProject
Project("{FAE04EC0-301F-11D3-BF4B-00C04F79EFBC}") = "Alice", "Alice\Alice.csproj", "{DD5D10F8-7224-4793-8715-8AF04A379263}"
EndProject
Global
	GlobalSection(SolutionConfigurationPlatforms) = preSolution
		Debug|Any CPU = Debug|Any CPU
		Release|Any CPU = Release|Any CPU
	EndGlobalSection
	GlobalSection(ProjectConfigurationPlatforms) = postSolution
		{27DADA44-B9AC-4693-BD82-95B57C5D2A8B}.Debug|Any CPU.ActiveCfg = Debug|Any CPU
		{27DADA44-B9AC-4693-BD82-95B57C5D2A8B}.Debug|Any CPU.Build.0 = Debug|Any CPU
		{27DADA44-B9AC-4693-BD82-95B57C5D2A8B}.Release|Any CPU.ActiveCfg = Release|Any CPU
		{27DADA44-B9AC-4693-BD82-95B57C5D2A8B}.Release|Any CPU.Build.0 = Release|Any CPU
		{B0D5C8FA-26DB-4A31-A01F-E073ABB16CE1}.Debug|Any CPU.ActiveCfg = Debug|Any CPU
		{B0D5C8FA-26DB-4A31-A01F-E073ABB16CE1}.Debug|Any CPU.Build.0 = Debug|Any CPU
		{B0D5C8FA-26DB-4A31-A01F-E073ABB16CE1}.Release|Any CPU.ActiveCfg = Release|Any CPU
		{B0D5C8FA-26DB-4A31-A01F-E073ABB16CE1}.Release|Any CPU.Build.0 = Release|Any CPU
		{5796781F-352F-42B1-90AC-3908BCBC8A2F}.Debug|Any CPU.ActiveCfg = Debug|Any CPU
		{5796781F-352F-42B1-90AC-3908BCBC8A2F}.Debug|Any CPU.Build.0 = Debug|Any CPU
		{5796781F-352F-42B1-90AC-3908BCBC8A2F}.Release|Any CPU.ActiveCfg = Release|Any CPU
		{5796781F-352F-42B1-90AC-3908BCBC8A2F}.Release|Any CPU.Build.0 = Release|Any CPU
		{DD5D10F8-7224-4793-8715-8AF04A379263}.Debug|Any CPU.ActiveCfg = Debug|Any CPU
		{DD5D10F8-7224-4793-8715-8AF04A379263}.Debug|Any CPU.Build.0 = Debug|Any CPU
		{DD5D10F8-7224-4793-8715-8AF04A379263}.Release|Any CPU.ActiveCfg = Release|Any CPU
		{DD5D10F8-7224-4793-8715-8AF04A379263}.Release|Any CPU.Build.0 = Release|Any CPU
	EndGlobalSection
	GlobalSection(SolutionProperties) = preSolution
		HideSolutionNode = FALSE
	EndGlobalSection
	GlobalSection(ExtensibilityGlobals) = postSolution
		SolutionGuid = {BB56A67C-C15B-4ACB-960E-0D095FB6D595}
	EndGlobalSection
EndGlobal
